// !$*UTF8*$!
{
	archiveVersion = 1;
	classes = {
	};
	objectVersion = 50;
	objects = {

/* Begin PBXBuildFile section */
		C5AD9C922461BF9D00F00CDB /* OpenCL.framework in Frameworks */ = {isa = PBXBuildFile; fileRef = C5AD9C912461BF9D00F00CDB /* OpenCL.framework */; };
		C5AD9CAD2462BFF200F00CDB /* common.cpp in Sources */ = {isa = PBXBuildFile; fileRef = C5AD9CA92462BFF200F00CDB /* common.cpp */; };
		C5AD9CFC2462DD0600F00CDB /* vecadd.cl in Sources */ = {isa = PBXBuildFile; fileRef = C5AD9CAA2462BFF200F00CDB /* vecadd.cl */; };
		C5AD9CFD2463071700F00CDB /* Task3.cpp in Sources */ = {isa = PBXBuildFile; fileRef = C5AD9CAB2462BFF200F00CDB /* Task3.cpp */; };
/* End PBXBuildFile section */

/* Begin PBXCopyFilesBuildPhase section */
		C5AD9C842461BF7B00F00CDB /* CopyFiles */ = {
			isa = PBXCopyFilesBuildPhase;
			buildActionMask = 2147483647;
			dstPath = /usr/share/man/man1/;
			dstSubfolderSpec = 0;
			files = (
			);
			runOnlyForDeploymentPostprocessing = 1;
		};
/* End PBXCopyFilesBuildPhase section */

/* Begin PBXFileReference section */
		C5AD9C862461BF7B00F00CDB /* Task3 */ = {isa = PBXFileReference; explicitFileType = "compiled.mach-o.executable"; includeInIndex = 0; path = Task3; sourceTree = BUILT_PRODUCTS_DIR; };
		C5AD9C912461BF9D00F00CDB /* OpenCL.framework */ = {isa = PBXFileReference; lastKnownFileType = wrapper.framework; name = OpenCL.framework; path = System/Library/Frameworks/OpenCL.framework; sourceTree = SDKROOT; };
		C5AD9CA52462BFF200F00CDB /* Task3.xcodeproj */ = {isa = PBXFileReference; lastKnownFileType = "wrapper.pb-project"; path = Task3.xcodeproj; sourceTree = "<group>"; };
		C5AD9CA92462BFF200F00CDB /* common.cpp */ = {isa = PBXFileReference; fileEncoding = 4; lastKnownFileType = sourcecode.cpp.cpp; path = common.cpp; sourceTree = "<group>"; };
		C5AD9CAA2462BFF200F00CDB /* vecadd.cl */ = {isa = PBXFileReference; fileEncoding = 4; lastKnownFileType = sourcecode.opencl; path = vecadd.cl; sourceTree = "<group>"; };
		C5AD9CAB2462BFF200F00CDB /* Task3.cpp */ = {isa = PBXFileReference; fileEncoding = 4; lastKnownFileType = sourcecode.cpp.cpp; path = Task3.cpp; sourceTree = "<group>"; };
		C5AD9CAC2462BFF200F00CDB /* common.h */ = {isa = PBXFileReference; fileEncoding = 4; lastKnownFileType = sourcecode.c.h; path = common.h; sourceTree = "<group>"; };
/* End PBXFileReference section */

/* Begin PBXFrameworksBuildPhase section */
		C5AD9C832461BF7B00F00CDB /* Frameworks */ = {
			isa = PBXFrameworksBuildPhase;
			buildActionMask = 2147483647;
			files = (
				C5AD9C922461BF9D00F00CDB /* OpenCL.framework in Frameworks */,
			);
			runOnlyForDeploymentPostprocessing = 0;
		};
/* End PBXFrameworksBuildPhase section */

/* Begin PBXGroup section */
		C5AD9C7D2461BF7B00F00CDB = {
			isa = PBXGroup;
			children = (
				C5AD9CA42462BFF200F00CDB /* Task3 */,
				C5AD9C872461BF7B00F00CDB /* Products */,
				C5AD9C902461BF9C00F00CDB /* Frameworks */,
			);
			sourceTree = "<group>";
		};
		C5AD9C872461BF7B00F00CDB /* Products */ = {
			isa = PBXGroup;
			children = (
				C5AD9C862461BF7B00F00CDB /* Task3 */,
			);
			name = Products;
			sourceTree = "<group>";
		};
		C5AD9C902461BF9C00F00CDB /* Frameworks */ = {
			isa = PBXGroup;
			children = (
				C5AD9C912461BF9D00F00CDB /* OpenCL.framework */,
			);
			name = Frameworks;
			sourceTree = "<group>";
		};
		C5AD9CA42462BFF200F00CDB /* Task3 */ = {
			isa = PBXGroup;
			children = (
				C5AD9CA52462BFF200F00CDB /* Task3.xcodeproj */,
				C5AD9CA82462BFF200F00CDB /* Task3 */,
			);
			name = Task3;
			sourceTree = "<group>";
		};
		C5AD9CA62462BFF200F00CDB /* Products */ = {
			isa = PBXGroup;
			name = Products;
			sourceTree = "<group>";
		};
		C5AD9CA82462BFF200F00CDB /* Task3 */ = {
			isa = PBXGroup;
			children = (
				C5AD9CAA2462BFF200F00CDB /* vecadd.cl */,
				C5AD9CA92462BFF200F00CDB /* common.cpp */,
				C5AD9CAB2462BFF200F00CDB /* Task3.cpp */,
				C5AD9CAC2462BFF200F00CDB /* common.h */,
			);
			path = Task3;
			sourceTree = "<group>";
		};
/* End PBXGroup section */

/* Begin PBXNativeTarget section */
		C5AD9C852461BF7B00F00CDB /* Task3 */ = {
			isa = PBXNativeTarget;
			buildConfigurationList = C5AD9C8D2461BF7B00F00CDB /* Build configuration list for PBXNativeTarget "Task3" */;
			buildPhases = (
				C5AD9C822461BF7B00F00CDB /* Sources */,
				C5AD9C832461BF7B00F00CDB /* Frameworks */,
				C5AD9C842461BF7B00F00CDB /* CopyFiles */,
			);
			buildRules = (
			);
			dependencies = (
			);
			name = Task3;
			productName = Task3;
			productReference = C5AD9C862461BF7B00F00CDB /* Task3 */;
			productType = "com.apple.product-type.tool";
		};
/* End PBXNativeTarget section */

/* Begin PBXProject section */
		C5AD9C7E2461BF7B00F00CDB /* Project object */ = {
			isa = PBXProject;
			attributes = {
				LastUpgradeCheck = 1130;
				ORGANIZATIONNAME = CSCI376;
				TargetAttributes = {
					C5AD9C852461BF7B00F00CDB = {
						CreatedOnToolsVersion = 11.3.1;
					};
				};
			};
			buildConfigurationList = C5AD9C812461BF7B00F00CDB /* Build configuration list for PBXProject "Task3" */;
			compatibilityVersion = "Xcode 9.3";
			developmentRegion = en;
			hasScannedForEncodings = 0;
			knownRegions = (
				en,
				Base,
			);
			mainGroup = C5AD9C7D2461BF7B00F00CDB;
			productRefGroup = C5AD9C872461BF7B00F00CDB /* Products */;
			projectDirPath = "";
			projectReferences = (
				{
					ProductGroup = C5AD9CA62462BFF200F00CDB /* Products */;
					ProjectRef = C5AD9CA52462BFF200F00CDB /* Task3.xcodeproj */;
				},
			);
			projectRoot = "";
			targets = (
				C5AD9C852461BF7B00F00CDB /* Task3 */,
			);
		};
/* End PBXProject section */

/* Begin PBXSourcesBuildPhase section */
		C5AD9C822461BF7B00F00CDB /* Sources */ = {
			isa = PBXSourcesBuildPhase;
			buildActionMask = 2147483647;
			files = (
				C5AD9CFD2463071700F00CDB /* Task3.cpp in Sources */,
				C5AD9CFC2462DD0600F00CDB /* vecadd.cl in Sources */,
				C5AD9CAD2462BFF200F00CDB /* common.cpp in Sources */,
			);
			runOnlyForDeploymentPostprocessing = 0;
		};
/* End PBXSourcesBuildPhase section */

/* Begin XCBuildConfiguration section */
		C5AD9C8B2461BF7B00F00CDB /* Debug */ = {
			isa = XCBuildConfiguration;
			buildSettings = {
				ALWAYS_SEARCH_USER_PATHS = NO;
				CLANG_ANALYZER_NONNULL = YES;
				CLANG_ANALYZER_NUMBER_OBJECT_CONVERSION = YES_AGGRESSIVE;
				CLANG_CXX_LANGUAGE_STANDARD = "gnu++14";
				CLANG_CXX_LIBRARY = "libc++";
				CLANG_ENABLE_MODULES = YES;
				CLANG_ENABLE_OBJC_ARC = YES;
				CLANG_ENABLE_OBJC_WEAK = YES;
				CLANG_WARN_BLOCK_CAPTURE_AUTORELEASING = YES;
				CLANG_WARN_BOOL_CONVERSION = YES;
				CLANG_WARN_COMMA = YES;
				CLANG_WARN_CONSTANT_CONVERSION = YES;
				CLANG_WARN_DEPRECATED_OBJC_IMPLEMENTATIONS = YES;
				CLANG_WARN_DIRECT_OBJC_ISA_USAGE = YES_ERROR;
				CLANG_WARN_DOCUMENTATION_COMMENTS = YES;
				CLANG_WARN_EMPTY_BODY = YES;
				CLANG_WARN_ENUM_CONVERSION = YES;
				CLANG_WARN_INFINITE_RECURSION = YES;
				CLANG_WARN_INT_CONVERSION = YES;
				CLANG_WARN_NON_LITERAL_NULL_CONVERSION = YES;
				CLANG_WARN_OBJC_IMPLICIT_RETAIN_SELF = YES;
				CLANG_WARN_OBJC_LITERAL_CONVERSION = YES;
				CLANG_WARN_OBJC_ROOT_CLASS = YES_ERROR;
				CLANG_WARN_RANGE_LOOP_ANALYSIS = YES;
				CLANG_WARN_STRICT_PROTOTYPES = YES;
				CLANG_WARN_SUSPICIOUS_MOVE = YES;
				CLANG_WARN_UNGUARDED_AVAILABILITY = YES_AGGRESSIVE;
				CLANG_WARN_UNREACHABLE_CODE = YES;
				CLANG_WARN__DUPLICATE_METHOD_MATCH = YES;
				COPY_PHASE_STRIP = NO;
				DEBUG_INFORMATION_FORMAT = dwarf;
				ENABLE_STRICT_OBJC_MSGSEND = YES;
				ENABLE_TESTABILITY = YES;
				GCC_C_LANGUAGE_STANDARD = gnu11;
				GCC_DYNAMIC_NO_PIC = NO;
				GCC_NO_COMMON_BLOCKS = YES;
				GCC_OPTIMIZATION_LEVEL = 0;
				GCC_PREPROCESSOR_DEFINITIONS = (
					"DEBUG=1",
					"$(inherited)",
				);
				GCC_WARN_64_TO_32_BIT_CONVERSION = YES;
				GCC_WARN_ABOUT_RETURN_TYPE = YES_ERROR;
				GCC_WARN_UNDECLARED_SELECTOR = YES;
				GCC_WARN_UNINITIALIZED_AUTOS = YES_AGGRESSIVE;
				GCC_WARN_UNUSED_FUNCTION = YES;
				GCC_WARN_UNUSED_VARIABLE = YES;
				MACOSX_DEPLOYMENT_TARGET = 10.15;
				MTL_ENABLE_DEBUG_INFO = INCLUDE_SOURCE;
				MTL_FAST_MATH = YES;
				ONLY_ACTIVE_ARCH = YES;
				SDKROOT = macosx;
			};
			name = Debug;
		};
		C5AD9C8C2461BF7B00F00CDB /* Release */ = {
			isa = XCBuildConfiguration;
			buildSettings = {
				ALWAYS_SEARCH_USER_PATHS = NO;
				CLANG_ANALYZER_NONNULL = YES;
				CLANG_ANALYZER_NUMBER_OBJECT_CONVERSION = YES_AGGRESSIVE;
				CLANG_CXX_LANGUAGE_STANDARD = "gnu++14";
				CLANG_CXX_LIBRARY = "libc++";
				CLANG_ENABLE_MODULES = YES;
				CLANG_ENABLE_OBJC_ARC = YES;
				CLANG_ENABLE_OBJC_WEAK = YES;
				CLANG_WARN_BLOCK_CAPTURE_AUTORELEASING = YES;
				CLANG_WARN_BOOL_CONVERSION = YES;
				CLANG_WARN_COMMA = YES;
				CLANG_WARN_CONSTANT_CONVERSION = YES;
				CLANG_WARN_DEPRECATED_OBJC_IMPLEMENTATIONS = YES;
				CLANG_WARN_DIRECT_OBJC_ISA_USAGE = YES_ERROR;
				CLANG_WARN_DOCUMENTATION_COMMENTS = YES;
				CLANG_WARN_EMPTY_BODY = YES;
				CLANG_WARN_ENUM_CONVERSION = YES;
				CLANG_WARN_INFINITE_RECURSION = YES;
				CLANG_WARN_INT_CONVERSION = YES;
				CLANG_WARN_NON_LITERAL_NULL_CONVERSION = YES;
				CLANG_WARN_OBJC_IMPLICIT_RETAIN_SELF = YES;
				CLANG_WARN_OBJC_LITERAL_CONVERSION = YES;
				CLANG_WARN_OBJC_ROOT_CLASS = YES_ERROR;
				CLANG_WARN_RANGE_LOOP_ANALYSIS = YES;
				CLANG_WARN_STRICT_PROTOTYPES = YES;
				CLANG_WARN_SUSPICIOUS_MOVE = YES;
				CLANG_WARN_UNGUARDED_AVAILABILITY = YES_AGGRESSIVE;
				CLANG_WARN_UNREACHABLE_CODE = YES;
				CLANG_WARN__DUPLICATE_METHOD_MATCH = YES;
				COPY_PHASE_STRIP = NO;
				DEBUG_INFORMATION_FORMAT = "dwarf-with-dsym";
				ENABLE_NS_ASSERTIONS = NO;
				ENABLE_STRICT_OBJC_MSGSEND = YES;
				GCC_C_LANGUAGE_STANDARD = gnu11;
				GCC_NO_COMMON_BLOCKS = YES;
				GCC_WARN_64_TO_32_BIT_CONVERSION = YES;
				GCC_WARN_ABOUT_RETURN_TYPE = YES_ERROR;
				GCC_WARN_UNDECLARED_SELECTOR = YES;
				GCC_WARN_UNINITIALIZED_AUTOS = YES_AGGRESSIVE;
				GCC_WARN_UNUSED_FUNCTION = YES;
				GCC_WARN_UNUSED_VARIABLE = YES;
				MACOSX_DEPLOYMENT_TARGET = 10.15;
				MTL_ENABLE_DEBUG_INFO = NO;
				MTL_FAST_MATH = YES;
				SDKROOT = macosx;
			};
			name = Release;
		};
		C5AD9C8E2461BF7B00F00CDB /* Debug */ = {
			isa = XCBuildConfiguration;
			buildSettings = {
				CODE_SIGN_STYLE = Automatic;
				PRODUCT_NAME = "$(TARGET_NAME)";
			};
			name = Debug;
		};
		C5AD9C8F2461BF7B00F00CDB /* Release */ = {
			isa = XCBuildConfiguration;
			buildSettings = {
				CODE_SIGN_STYLE = Automatic;
				PRODUCT_NAME = "$(TARGET_NAME)";
			};
			name = Release;
		};
/* End XCBuildConfiguration section */

/* Begin XCConfigurationList section */
		C5AD9C812461BF7B00F00CDB /* Build configuration list for PBXProject "Task3" */ = {
			isa = XCConfigurationList;
			buildConfigurations = (
				C5AD9C8B2461BF7B00F00CDB /* Debug */,
				C5AD9C8C2461BF7B00F00CDB /* Release */,
			);
			defaultConfigurationIsVisible = 0;
			defaultConfigurationName = Release;
		};
		C5AD9C8D2461BF7B00F00CDB /* Build configuration list for PBXNativeTarget "Task3" */ = {
			isa = XCConfigurationList;
			buildConfigurations = (
				C5AD9C8E2461BF7B00F00CDB /* Debug */,
				C5AD9C8F2461BF7B00F00CDB /* Release */,
			);
			defaultConfigurationIsVisible = 0;
			defaultConfigurationName = Release;
		};
/* End XCConfigurationList section */
	};
	rootObject = C5AD9C7E2461BF7B00F00CDB /* Project object */;
}
